
Microsoft Visual Studio Solution File, Format Version 12.00
# Visual Studio Version 17
VisualStudioVersion = 17.4.33213.308
MinimumVisualStudioVersion = 10.0.40219.1
Project("{FAE04EC0-301F-11D3-BF4B-00C04F79EFBC}") = "BackgroundWorker", "BackgroundWorker\BackgroundWorker.csproj", "{ACC5588B-5601-4802-BB73-3E79C158ADFB}"
EndProject
Global
	GlobalSection(SolutionConfigurationPlatforms) = preSolution
		Debug|Any CPU = Debug|Any CPU
		Release|Any CPU = Release|Any CPU
	EndGlobalSection
	GlobalSection(ProjectConfigurationPlatforms) = postSolution
		{ACC5588B-5601-4802-BB73-3E79C158ADFB}.Debug|Any CPU.ActiveCfg = Debug|Any CPU
		{ACC5588B-5601-4802-BB73-3E79C158ADFB}.Debug|Any CPU.Build.0 = Debug|Any CPU
		{ACC5588B-5601-4802-BB73-3E79C158ADFB}.Release|Any CPU.ActiveCfg = Release|Any CPU
		{ACC5588B-5601-4802-BB73-3E79C158ADFB}.Release|Any CPU.Build.0 = Release|Any CPU
	EndGlobalSection
	GlobalSection(SolutionProperties) = preSolution
		HideSolutionNode = FALSE
	EndGlobalSection
	GlobalSection(ExtensibilityGlobals) = postSolution
		SolutionGuid = {75AA296A-0CB7-404A-B517-182E376C5845}
	EndGlobalSection
EndGlobal
